
Microsoft Visual Studio Solution File, Format Version 12.00
# Visual Studio Version 16
VisualStudioVersion = 16.0.30717.126
MinimumVisualStudioVersion = 10.0.40219.1
Project("{9A19103F-16F7-4668-BE54-9A1E7A4F7556}") = "NoStringEvaluating", "NoStringEvaluating\NoStringEvaluating.csproj", "{40AB411F-6002-4A69-A73F-17C5B7FC1508}"
EndProject
Project("{9A19103F-16F7-4668-BE54-9A1E7A4F7556}") = "NoStringEvaluatingTests", "NoStringEvaluatingTests\NoStringEvaluatingTests.csproj", "{48E04BE8-5BA6-409A-964E-13206F95BC8D}"
EndProject
Project("{2150E333-8FDC-42A3-9474-1A3956D46DE8}") = "Test", "Test", "{EA941063-94B8-4F97-A507-B5A7FD6A0B79}"
EndProject
Project("{9A19103F-16F7-4668-BE54-9A1E7A4F7556}") = "ConsoleApp", "ConsoleApp\ConsoleApp.csproj", "{6A870F87-7BD9-4DB3-ACA2-0F2EFF9FB1D3}"
EndProject
Project("{2150E333-8FDC-42A3-9474-1A3956D46DE8}") = "Solution Items", "Solution Items", "{88F0773E-1AA1-4C00-A8D8-F09B76A70BE9}"
	ProjectSection(SolutionItems) = preProject
		.travis.yml = .travis.yml
		Benchmark.xlsx = Benchmark.xlsx
		README.md = README.md
	EndProjectSection
EndProject
Global
	GlobalSection(SolutionConfigurationPlatforms) = preSolution
		Debug|Any CPU = Debug|Any CPU
		Release|Any CPU = Release|Any CPU
	EndGlobalSection
	GlobalSection(ProjectConfigurationPlatforms) = postSolution
		{40AB411F-6002-4A69-A73F-17C5B7FC1508}.Debug|Any CPU.ActiveCfg = Debug|Any CPU
		{40AB411F-6002-4A69-A73F-17C5B7FC1508}.Debug|Any CPU.Build.0 = Debug|Any CPU
		{40AB411F-6002-4A69-A73F-17C5B7FC1508}.Release|Any CPU.ActiveCfg = Release|Any CPU
		{40AB411F-6002-4A69-A73F-17C5B7FC1508}.Release|Any CPU.Build.0 = Release|Any CPU
		{48E04BE8-5BA6-409A-964E-13206F95BC8D}.Debug|Any CPU.ActiveCfg = Debug|Any CPU
		{48E04BE8-5BA6-409A-964E-13206F95BC8D}.Debug|Any CPU.Build.0 = Debug|Any CPU
		{48E04BE8-5BA6-409A-964E-13206F95BC8D}.Release|Any CPU.ActiveCfg = Release|Any CPU
		{48E04BE8-5BA6-409A-964E-13206F95BC8D}.Release|Any CPU.Build.0 = Release|Any CPU
		{6A870F87-7BD9-4DB3-ACA2-0F2EFF9FB1D3}.Debug|Any CPU.ActiveCfg = Debug|Any CPU
		{6A870F87-7BD9-4DB3-ACA2-0F2EFF9FB1D3}.Debug|Any CPU.Build.0 = Debug|Any CPU
		{6A870F87-7BD9-4DB3-ACA2-0F2EFF9FB1D3}.Release|Any CPU.ActiveCfg = Release|Any CPU
		{6A870F87-7BD9-4DB3-ACA2-0F2EFF9FB1D3}.Release|Any CPU.Build.0 = Release|Any CPU
	EndGlobalSection
	GlobalSection(SolutionProperties) = preSolution
		HideSolutionNode = FALSE
	EndGlobalSection
	GlobalSection(NestedProjects) = preSolution
		{48E04BE8-5BA6-409A-964E-13206F95BC8D} = {EA941063-94B8-4F97-A507-B5A7FD6A0B79}
		{6A870F87-7BD9-4DB3-ACA2-0F2EFF9FB1D3} = {EA941063-94B8-4F97-A507-B5A7FD6A0B79}
	EndGlobalSection
	GlobalSection(ExtensibilityGlobals) = postSolution
		SolutionGuid = {DFE0D26A-3674-46D1-80F0-2AA1855DA356}
	EndGlobalSection
EndGlobal
